// !$*UTF8*$!
{
	archiveVersion = 1;
	classes = {
	};
	objectVersion = 46;
	objects = {

/* Begin PBXBuildFile section */
		6B76CF081D75BBF8006CE986 /* AppDelegate.swift in Sources */ = {isa = PBXBuildFile; fileRef = 6B76CF071D75BBF8006CE986 /* AppDelegate.swift */; };
		6B76CF0A1D75BBF8006CE986 /* ViewController.swift in Sources */ = {isa = PBXBuildFile; fileRef = 6B76CF091D75BBF8006CE986 /* ViewController.swift */; };
		6B76CF0D1D75BBF8006CE986 /* Main.storyboard in Resources */ = {isa = PBXBuildFile; fileRef = 6B76CF0B1D75BBF8006CE986 /* Main.storyboard */; };
		6B76CF0F1D75BBF8006CE986 /* Assets.xcassets in Resources */ = {isa = PBXBuildFile; fileRef = 6B76CF0E1D75BBF8006CE986 /* Assets.xcassets */; };
		6B76CF121D75BBF8006CE986 /* LaunchScreen.storyboard in Resources */ = {isa = PBXBuildFile; fileRef = 6B76CF101D75BBF8006CE986 /* LaunchScreen.storyboard */; };
		6B76CF1D1D75BBF8006CE986 /* stopwatchTests.swift in Sources */ = {isa = PBXBuildFile; fileRef = 6B76CF1C1D75BBF8006CE986 /* stopwatchTests.swift */; };
		6B76CF281D75BBF8006CE986 /* stopwatchUITests.swift in Sources */ = {isa = PBXBuildFile; fileRef = 6B76CF271D75BBF8006CE986 /* stopwatchUITests.swift */; };
/* End PBXBuildFile section */

/* Begin PBXContainerItemProxy section */
		6B76CF191D75BBF8006CE986 /* PBXContainerItemProxy */ = {
			isa = PBXContainerItemProxy;
			containerPortal = 6B76CEFC1D75BBF8006CE986 /* Project object */;
			proxyType = 1;
			remoteGlobalIDString = 6B76CF031D75BBF8006CE986;
			remoteInfo = stopwatch;
		};
		6B76CF241D75BBF8006CE986 /* PBXContainerItemProxy */ = {
			isa = PBXContainerItemProxy;
			containerPortal = 6B76CEFC1D75BBF8006CE986 /* Project object */;
			proxyType = 1;
			remoteGlobalIDString = 6B76CF031D75BBF8006CE986;
			remoteInfo = stopwatch;
		};
/* End PBXContainerItemProxy section */

/* Begin PBXFileReference section */
		6B76CF041D75BBF8006CE986 /* stopwatch.app */ = {isa = PBXFileReference; explicitFileType = wrapper.application; includeInIndex = 0; path = stopwatch.app; sourceTree = BUILT_PRODUCTS_DIR; };
		6B76CF071D75BBF8006CE986 /* AppDelegate.swift */ = {isa = PBXFileReference; lastKnownFileType = sourcecode.swift; path = AppDelegate.swift; sourceTree = "<group>"; };
		6B76CF091D75BBF8006CE986 /* ViewController.swift */ = {isa = PBXFileReference; lastKnownFileType = sourcecode.swift; path = ViewController.swift; sourceTree = "<group>"; };
		6B76CF0C1D75BBF8006CE986 /* Base */ = {isa = PBXFileReference; lastKnownFileType = file.storyboard; name = Base; path = Base.lproj/Main.storyboard; sourceTree = "<group>"; };
		6B76CF0E1D75BBF8006CE986 /* Assets.xcassets */ = {isa = PBXFileReference; lastKnownFileType = folder.assetcatalog; path = Assets.xcassets; sourceTree = "<group>"; };
		6B76CF111D75BBF8006CE986 /* Base */ = {isa = PBXFileReference; lastKnownFileType = file.storyboard; name = Base; path = Base.lproj/LaunchScreen.storyboard; sourceTree = "<group>"; };
		6B76CF131D75BBF8006CE986 /* Info.plist */ = {isa = PBXFileReference; lastKnownFileType = text.plist.xml; path = Info.plist; sourceTree = "<group>"; };
		6B76CF181D75BBF8006CE986 /* stopwatchTests.xctest */ = {isa = PBXFileReference; explicitFileType = wrapper.cfbundle; includeInIndex = 0; path = stopwatchTests.xctest; sourceTree = BUILT_PRODUCTS_DIR; };
		6B76CF1C1D75BBF8006CE986 /* stopwatchTests.swift */ = {isa = PBXFileReference; lastKnownFileType = sourcecode.swift; path = stopwatchTests.swift; sourceTree = "<group>"; };
		6B76CF1E1D75BBF8006CE986 /* Info.plist */ = {isa = PBXFileReference; lastKnownFileType = text.plist.xml; path = Info.plist; sourceTree = "<group>"; };
		6B76CF231D75BBF8006CE986 /* stopwatchUITests.xctest */ = {isa = PBXFileReference; explicitFileType = wrapper.cfbundle; includeInIndex = 0; path = stopwatchUITests.xctest; sourceTree = BUILT_PRODUCTS_DIR; };
		6B76CF271D75BBF8006CE986 /* stopwatchUITests.swift */ = {isa = PBXFileReference; lastKnownFileType = sourcecode.swift; path = stopwatchUITests.swift; sourceTree = "<group>"; };
		6B76CF291D75BBF8006CE986 /* Info.plist */ = {isa = PBXFileReference; lastKnownFileType = text.plist.xml; path = Info.plist; sourceTree = "<group>"; };
/* End PBXFileReference section */

/* Begin PBXFrameworksBuildPhase section */
		6B76CF011D75BBF8006CE986 /* Frameworks */ = {
			isa = PBXFrameworksBuildPhase;
			buildActionMask = 2147483647;
			files = (
			);
			runOnlyForDeploymentPostprocessing = 0;
		};
		6B76CF151D75BBF8006CE986 /* Frameworks */ = {
			isa = PBXFrameworksBuildPhase;
			buildActionMask = 2147483647;
			files = (
			);
			runOnlyForDeploymentPostprocessing = 0;
		};
		6B76CF201D75BBF8006CE986 /* Frameworks */ = {
			isa = PBXFrameworksBuildPhase;
			buildActionMask = 2147483647;
			files = (
			);
			runOnlyForDeploymentPostprocessing = 0;
		};
/* End PBXFrameworksBuildPhase section */

/* Begin PBXGroup section */
		6B76CEFB1D75BBF8006CE986 = {
			isa = PBXGroup;
			children = (
				6B76CF061D75BBF8006CE986 /* stopwatch */,
				6B76CF1B1D75BBF8006CE986 /* stopwatchTests */,
				6B76CF261D75BBF8006CE986 /* stopwatchUITests */,
				6B76CF051D75BBF8006CE986 /* Products */,
			);
			sourceTree = "<group>";
		};
		6B76CF051D75BBF8006CE986 /* Products */ = {
			isa = PBXGroup;
			children = (
				6B76CF041D75BBF8006CE986 /* stopwatch.app */,
				6B76CF181D75BBF8006CE986 /* stopwatchTests.xctest */,
				6B76CF231D75BBF8006CE986 /* stopwatchUITests.xctest */,
			);
			name = Products;
			sourceTree = "<group>";
		};
		6B76CF061D75BBF8006CE986 /* stopwatch */ = {
			isa = PBXGroup;
			children = (
				6B76CF071D75BBF8006CE986 /* AppDelegate.swift */,
				6B76CF091D75BBF8006CE986 /* ViewController.swift */,
				6B76CF0B1D75BBF8006CE986 /* Main.storyboard */,
				6B76CF0E1D75BBF8006CE986 /* Assets.xcassets */,
				6B76CF101D75BBF8006CE986 /* LaunchScreen.storyboard */,
				6B76CF131D75BBF8006CE986 /* Info.plist */,
			);
			path = stopwatch;
			sourceTree = "<group>";
		};
		6B76CF1B1D75BBF8006CE986 /* stopwatchTests */ = {
			isa = PBXGroup;
			children = (
				6B76CF1C1D75BBF8006CE986 /* stopwatchTests.swift */,
				6B76CF1E1D75BBF8006CE986 /* Info.plist */,
			);
			path = stopwatchTests;
			sourceTree = "<group>";
		};
		6B76CF261D75BBF8006CE986 /* stopwatchUITests */ = {
			isa = PBXGroup;
			children = (
				6B76CF271D75BBF8006CE986 /* stopwatchUITests.swift */,
				6B76CF291D75BBF8006CE986 /* Info.plist */,
			);
			path = stopwatchUITests;
			sourceTree = "<group>";
		};
/* End PBXGroup section */

/* Begin PBXNativeTarget section */
		6B76CF031D75BBF8006CE986 /* stopwatch */ = {
			isa = PBXNativeTarget;
			buildConfigurationList = 6B76CF2C1D75BBF8006CE986 /* Build configuration list for PBXNativeTarget "stopwatch" */;
			buildPhases = (
				6B76CF001D75BBF8006CE986 /* Sources */,
				6B76CF011D75BBF8006CE986 /* Frameworks */,
				6B76CF021D75BBF8006CE986 /* Resources */,
			);
			buildRules = (
			);
			dependencies = (
			);
			name = stopwatch;
			productName = stopwatch;
			productReference = 6B76CF041D75BBF8006CE986 /* stopwatch.app */;
			productType = "com.apple.product-type.application";
		};
		6B76CF171D75BBF8006CE986 /* stopwatchTests */ = {
			isa = PBXNativeTarget;
			buildConfigurationList = 6B76CF2F1D75BBF8006CE986 /* Build configuration list for PBXNativeTarget "stopwatchTests" */;
			buildPhases = (
				6B76CF141D75BBF8006CE986 /* Sources */,
				6B76CF151D75BBF8006CE986 /* Frameworks */,
				6B76CF161D75BBF8006CE986 /* Resources */,
			);
			buildRules = (
			);
			dependencies = (
				6B76CF1A1D75BBF8006CE986 /* PBXTargetDependency */,
			);
			name = stopwatchTests;
			productName = stopwatchTests;
			productReference = 6B76CF181D75BBF8006CE986 /* stopwatchTests.xctest */;
			productType = "com.apple.product-type.bundle.unit-test";
		};
		6B76CF221D75BBF8006CE986 /* stopwatchUITests */ = {
			isa = PBXNativeTarget;
			buildConfigurationList = 6B76CF321D75BBF8006CE986 /* Build configuration list for PBXNativeTarget "stopwatchUITests" */;
			buildPhases = (
				6B76CF1F1D75BBF8006CE986 /* Sources */,
				6B76CF201D75BBF8006CE986 /* Frameworks */,
				6B76CF211D75BBF8006CE986 /* Resources */,
			);
			buildRules = (
			);
			dependencies = (
				6B76CF251D75BBF8006CE986 /* PBXTargetDependency */,
			);
			name = stopwatchUITests;
			productName = stopwatchUITests;
			productReference = 6B76CF231D75BBF8006CE986 /* stopwatchUITests.xctest */;
			productType = "com.apple.product-type.bundle.ui-testing";
		};
/* End PBXNativeTarget section */

/* Begin PBXProject section */
		6B76CEFC1D75BBF8006CE986 /* Project object */ = {
			isa = PBXProject;
			attributes = {
				LastSwiftUpdateCheck = 0730;
				LastUpgradeCheck = 0730;
				ORGANIZATIONNAME = ChrisDoCoding;
				TargetAttributes = {
					6B76CF031D75BBF8006CE986 = {
						CreatedOnToolsVersion = 7.3.1;
					};
					6B76CF171D75BBF8006CE986 = {
						CreatedOnToolsVersion = 7.3.1;
						TestTargetID = 6B76CF031D75BBF8006CE986;
					};
					6B76CF221D75BBF8006CE986 = {
						CreatedOnToolsVersion = 7.3.1;
						TestTargetID = 6B76CF031D75BBF8006CE986;
					};
				};
			};
			buildConfigurationList = 6B76CEFF1D75BBF8006CE986 /* Build configuration list for PBXProject "stopwatch" */;
			compatibilityVersion = "Xcode 3.2";
			developmentRegion = English;
			hasScannedForEncodings = 0;
			knownRegions = (
				en,
				Base,
			);
			mainGroup = 6B76CEFB1D75BBF8006CE986;
			productRefGroup = 6B76CF051D75BBF8006CE986 /* Products */;
			projectDirPath = "";
			projectRoot = "";
			targets = (
				6B76CF031D75BBF8006CE986 /* stopwatch */,
				6B76CF171D75BBF8006CE986 /* stopwatchTests */,
				6B76CF221D75BBF8006CE986 /* stopwatchUITests */,
			);
		};
/* End PBXProject section */

/* Begin PBXResourcesBuildPhase section */
		6B76CF021D75BBF8006CE986 /* Resources */ = {
			isa = PBXResourcesBuildPhase;
			buildActionMask = 2147483647;
			files = (
				6B76CF121D75BBF8006CE986 /* LaunchScreen.storyboard in Resources */,
				6B76CF0F1D75BBF8006CE986 /* Assets.xcassets in Resources */,
				6B76CF0D1D75BBF8006CE986 /* Main.storyboard in Resources */,
			);
			runOnlyForDeploymentPostprocessing = 0;
		};
		6B76CF161D75BBF8006CE986 /* Resources */ = {
			isa = PBXResourcesBuildPhase;
			buildActionMask = 2147483647;
			files = (
			);
			runOnlyForDeploymentPostprocessing = 0;
		};
		6B76CF211D75BBF8006CE986 /* Resources */ = {
			isa = PBXResourcesBuildPhase;
			buildActionMask = 2147483647;
			files = (
			);
			runOnlyForDeploymentPostprocessing = 0;
		};
/* End PBXResourcesBuildPhase section */

/* Begin PBXSourcesBuildPhase section */
		6B76CF001D75BBF8006CE986 /* Sources */ = {
			isa = PBXSourcesBuildPhase;
			buildActionMask = 2147483647;
			files = (
				6B76CF0A1D75BBF8006CE986 /* ViewController.swift in Sources */,
				6B76CF081D75BBF8006CE986 /* AppDelegate.swift in Sources */,
			);
			runOnlyForDeploymentPostprocessing = 0;
		};
		6B76CF141D75BBF8006CE986 /* Sources */ = {
			isa = PBXSourcesBuildPhase;
			buildActionMask = 2147483647;
			files = (
				6B76CF1D1D75BBF8006CE986 /* stopwatchTests.swift in Sources */,
			);
			runOnlyForDeploymentPostprocessing = 0;
		};
		6B76CF1F1D75BBF8006CE986 /* Sources */ = {
			isa = PBXSourcesBuildPhase;
			buildActionMask = 2147483647;
			files = (
				6B76CF281D75BBF8006CE986 /* stopwatchUITests.swift in Sources */,
			);
			runOnlyForDeploymentPostprocessing = 0;
		};
/* End PBXSourcesBuildPhase section */

/* Begin PBXTargetDependency section */
		6B76CF1A1D75BBF8006CE986 /* PBXTargetDependency */ = {
			isa = PBXTargetDependency;
			target = 6B76CF031D75BBF8006CE986 /* stopwatch */;
			targetProxy = 6B76CF191D75BBF8006CE986 /* PBXContainerItemProxy */;
		};
		6B76CF251D75BBF8006CE986 /* PBXTargetDependency */ = {
			isa = PBXTargetDependency;
			target = 6B76CF031D75BBF8006CE986 /* stopwatch */;
			targetProxy = 6B76CF241D75BBF8006CE986 /* PBXContainerItemProxy */;
		};
/* End PBXTargetDependency section */

/* Begin PBXVariantGroup section */
		6B76CF0B1D75BBF8006CE986 /* Main.storyboard */ = {
			isa = PBXVariantGroup;
			children = (
				6B76CF0C1D75BBF8006CE986 /* Base */,
			);
			name = Main.storyboard;
			sourceTree = "<group>";
		};
		6B76CF101D75BBF8006CE986 /* LaunchScreen.storyboard */ = {
			isa = PBXVariantGroup;
			children = (
				6B76CF111D75BBF8006CE986 /* Base */,
			);
			name = LaunchScreen.storyboard;
			sourceTree = "<group>";
		};
/* End PBXVariantGroup section */

/* Begin XCBuildConfiguration section */
		6B76CF2A1D75BBF8006CE986 /* Debug */ = {
			isa = XCBuildConfiguration;
			buildSettings = {
				ALWAYS_SEARCH_USER_PATHS = NO;
				CLANG_ANALYZER_NONNULL = YES;
				CLANG_CXX_LANGUAGE_STANDARD = "gnu++0x";
				CLANG_CXX_LIBRARY = "libc++";
				CLANG_ENABLE_MODULES = YES;
				CLANG_ENABLE_OBJC_ARC = YES;
				CLANG_WARN_BOOL_CONVERSION = YES;
				CLANG_WARN_CONSTANT_CONVERSION = YES;
				CLANG_WARN_DIRECT_OBJC_ISA_USAGE = YES_ERROR;
				CLANG_WARN_EMPTY_BODY = YES;
				CLANG_WARN_ENUM_CONVERSION = YES;
				CLANG_WARN_INT_CONVERSION = YES;
				CLANG_WARN_OBJC_ROOT_CLASS = YES_ERROR;
				CLANG_WARN_UNREACHABLE_CODE = YES;
				CLANG_WARN__DUPLICATE_METHOD_MATCH = YES;
				"CODE_SIGN_IDENTITY[sdk=iphoneos*]" = "iPhone Developer";
				COPY_PHASE_STRIP = NO;
				DEBUG_INFORMATION_FORMAT = dwarf;
				ENABLE_STRICT_OBJC_MSGSEND = YES;
				ENABLE_TESTABILITY = YES;
				GCC_C_LANGUAGE_STANDARD = gnu99;
				GCC_DYNAMIC_NO_PIC = NO;
				GCC_NO_COMMON_BLOCKS = YES;
				GCC_OPTIMIZATION_LEVEL = 0;
				GCC_PREPROCESSOR_DEFINITIONS = (
					"DEBUG=1",
					"$(inherited)",
				);
				GCC_WARN_64_TO_32_BIT_CONVERSION = YES;
				GCC_WARN_ABOUT_RETURN_TYPE = YES_ERROR;
				GCC_WARN_UNDECLARED_SELECTOR = YES;
				GCC_WARN_UNINITIALIZED_AUTOS = YES_AGGRESSIVE;
				GCC_WARN_UNUSED_FUNCTION = YES;
				GCC_WARN_UNUSED_VARIABLE = YES;
				IPHONEOS_DEPLOYMENT_TARGET = 9.3;
				MTL_ENABLE_DEBUG_INFO = YES;
				ONLY_ACTIVE_ARCH = YES;
				SDKROOT = iphoneos;
				SWIFT_OPTIMIZATION_LEVEL = "-Onone";
			};
			name = Debug;
		};
		6B76CF2B1D75BBF8006CE986 /* Release */ = {
			isa = XCBuildConfiguration;
			buildSettings = {
				ALWAYS_SEARCH_USER_PATHS = NO;
				CLANG_ANALYZER_NONNULL = YES;
				CLANG_CXX_LANGUAGE_STANDARD = "gnu++0x";
				CLANG_CXX_LIBRARY = "libc++";
				CLANG_ENABLE_MODULES = YES;
				CLANG_ENABLE_OBJC_ARC = YES;
				CLANG_WARN_BOOL_CONVERSION = YES;
				CLANG_WARN_CONSTANT_CONVERSION = YES;
				CLANG_WARN_DIRECT_OBJC_ISA_USAGE = YES_ERROR;
				CLANG_WARN_EMPTY_BODY = YES;
				CLANG_WARN_ENUM_CONVERSION = YES;
				CLANG_WARN_INT_CONVERSION = YES;
				CLANG_WARN_OBJC_ROOT_CLASS = YES_ERROR;
				CLANG_WARN_UNREACHABLE_CODE = YES;
				CLANG_WARN__DUPLICATE_METHOD_MATCH = YES;
				"CODE_SIGN_IDENTITY[sdk=iphoneos*]" = "iPhone Developer";
				COPY_PHASE_STRIP = NO;
				DEBUG_INFORMATION_FORMAT = "dwarf-with-dsym";
				ENABLE_NS_ASSERTIONS = NO;
				ENABLE_STRICT_OBJC_MSGSEND = YES;
				GCC_C_LANGUAGE_STANDARD = gnu99;
				GCC_NO_COMMON_BLOCKS = YES;
				GCC_WARN_64_TO_32_BIT_CONVERSION = YES;
				GCC_WARN_ABOUT_RETURN_TYPE = YES_ERROR;
				GCC_WARN_UNDECLARED_SELECTOR = YES;
				GCC_WARN_UNINITIALIZED_AUTOS = YES_AGGRESSIVE;
				GCC_WARN_UNUSED_FUNCTION = YES;
				GCC_WARN_UNUSED_VARIABLE = YES;
				IPHONEOS_DEPLOYMENT_TARGET = 9.3;
				MTL_ENABLE_DEBUG_INFO = NO;
				SDKROOT = iphoneos;
				VALIDATE_PRODUCT = YES;
			};
			name = Release;
		};
		6B76CF2D1D75BBF8006CE986 /* Debug */ = {
			isa = XCBuildConfiguration;
			buildSettings = {
				ASSETCATALOG_COMPILER_APPICON_NAME = AppIcon;
				INFOPLIST_FILE = stopwatch/Info.plist;
				LD_RUNPATH_SEARCH_PATHS = "$(inherited) @executable_path/Frameworks";
				PRODUCT_BUNDLE_IDENTIFIER = "ck-life.stopwatch";
				PRODUCT_NAME = "$(TARGET_NAME)";
			};
			name = Debug;
		};
		6B76CF2E1D75BBF8006CE986 /* Release */ = {
			isa = XCBuildConfiguration;
			buildSettings = {
				ASSETCATALOG_COMPILER_APPICON_NAME = AppIcon;
				INFOPLIST_FILE = stopwatch/Info.plist;
				LD_RUNPATH_SEARCH_PATHS = "$(inherited) @executable_path/Frameworks";
				PRODUCT_BUNDLE_IDENTIFIER = "ck-life.stopwatch";
				PRODUCT_NAME = "$(TARGET_NAME)";
			};
			name = Release;
		};
		6B76CF301D75BBF8006CE986 /* Debug */ = {
			isa = XCBuildConfiguration;
			buildSettings = {
				BUNDLE_LOADER = "$(TEST_HOST)";
				INFOPLIST_FILE = stopwatchTests/Info.plist;
				LD_RUNPATH_SEARCH_PATHS = "$(inherited) @executable_path/Frameworks @loader_path/Frameworks";
				PRODUCT_BUNDLE_IDENTIFIER = "ck-life.stopwatchTests";
				PRODUCT_NAME = "$(TARGET_NAME)";
				TEST_HOST = "$(BUILT_PRODUCTS_DIR)/stopwatch.app/stopwatch";
			};
			name = Debug;
		};
		6B76CF311D75BBF8006CE986 /* Release */ = {
			isa = XCBuildConfiguration;
			buildSettings = {
				BUNDLE_LOADER = "$(TEST_HOST)";
				INFOPLIST_FILE = stopwatchTests/Info.plist;
				LD_RUNPATH_SEARCH_PATHS = "$(inherited) @executable_path/Frameworks @loader_path/Frameworks";
				PRODUCT_BUNDLE_IDENTIFIER = "ck-life.stopwatchTests";
				PRODUCT_NAME = "$(TARGET_NAME)";
				TEST_HOST = "$(BUILT_PRODUCTS_DIR)/stopwatch.app/stopwatch";
			};
			name = Release;
		};
		6B76CF331D75BBF8006CE986 /* Debug */ = {
			isa = XCBuildConfiguration;
			buildSettings = {
				INFOPLIST_FILE = stopwatchUITests/Info.plist;
				LD_RUNPATH_SEARCH_PATHS = "$(inherited) @executable_path/Frameworks @loader_path/Frameworks";
				PRODUCT_BUNDLE_IDENTIFIER = "ck-life.stopwatchUITests";
				PRODUCT_NAME = "$(TARGET_NAME)";
				TEST_TARGET_NAME = stopwatch;
			};
			name = Debug;
		};
		6B76CF341D75BBF8006CE986 /* Release */ = {
			isa = XCBuildConfiguration;
			buildSettings = {
				INFOPLIST_FILE = stopwatchUITests/Info.plist;
				LD_RUNPATH_SEARCH_PATHS = "$(inherited) @executable_path/Frameworks @loader_path/Frameworks";
				PRODUCT_BUNDLE_IDENTIFIER = "ck-life.stopwatchUITests";
				PRODUCT_NAME = "$(TARGET_NAME)";
				TEST_TARGET_NAME = stopwatch;
			};
			name = Release;
		};
/* End XCBuildConfiguration section */

/* Begin XCConfigurationList section */
		6B76CEFF1D75BBF8006CE986 /* Build configuration list for PBXProject "stopwatch" */ = {
			isa = XCConfigurationList;
			buildConfigurations = (
				6B76CF2A1D75BBF8006CE986 /* Debug */,
				6B76CF2B1D75BBF8006CE986 /* Release */,
			);
			defaultConfigurationIsVisible = 0;
			defaultConfigurationName = Release;
		};
		6B76CF2C1D75BBF8006CE986 /* Build configuration list for PBXNativeTarget "stopwatch" */ = {
			isa = XCConfigurationList;
			buildConfigurations = (
				6B76CF2D1D75BBF8006CE986 /* Debug */,
				6B76CF2E1D75BBF8006CE986 /* Release */,
			);
			defaultConfigurationIsVisible = 0;
		};
		6B76CF2F1D75BBF8006CE986 /* Build configuration list for PBXNativeTarget "stopwatchTests" */ = {
			isa = XCConfigurationList;
			buildConfigurations = (
				6B76CF301D75BBF8006CE986 /* Debug */,
				6B76CF311D75BBF8006CE986 /* Release */,
			);
			defaultConfigurationIsVisible = 0;
		};
		6B76CF321D75BBF8006CE986 /* Build configuration list for PBXNativeTarget "stopwatchUITests" */ = {
			isa = XCConfigurationList;
			buildConfigurations = (
				6B76CF331D75BBF8006CE986 /* Debug */,
				6B76CF341D75BBF8006CE986 /* Release */,
			);
			defaultConfigurationIsVisible = 0;
		};
/* End XCConfigurationList section */
	};
	rootObject = 6B76CEFC1D75BBF8006CE986 /* Project object */;
}
